
Microsoft Visual Studio Solution File, Format Version 12.00
# Visual Studio Version 16
VisualStudioVersion = 16.0.32106.194
MinimumVisualStudioVersion = 10.0.40219.1
Project("{FAE04EC0-301F-11D3-BF4B-00C04F79EFBC}") = "Banque", "Banque\Banque.csproj", "{892ECAEA-C0F1-4034-BB8C-39BB76075157}"
EndProject
Global
	GlobalSection(SolutionConfigurationPlatforms) = preSolution
		Debug|Any CPU = Debug|Any CPU
		Release|Any CPU = Release|Any CPU
	EndGlobalSection
	GlobalSection(ProjectConfigurationPlatforms) = postSolution
		{892ECAEA-C0F1-4034-BB8C-39BB76075157}.Debug|Any CPU.ActiveCfg = Debug|Any CPU
		{892ECAEA-C0F1-4034-BB8C-39BB76075157}.Debug|Any CPU.Build.0 = Debug|Any CPU
		{892ECAEA-C0F1-4034-BB8C-39BB76075157}.Release|Any CPU.ActiveCfg = Release|Any CPU
		{892ECAEA-C0F1-4034-BB8C-39BB76075157}.Release|Any CPU.Build.0 = Release|Any CPU
	EndGlobalSection
	GlobalSection(SolutionProperties) = preSolution
		HideSolutionNode = FALSE
	EndGlobalSection
	GlobalSection(ExtensibilityGlobals) = postSolution
		SolutionGuid = {A6E09BFA-5354-43A3-9394-87DFD1E7797E}
	EndGlobalSection
EndGlobal
